
Microsoft Visual Studio Solution File, Format Version 12.00
# Visual Studio 15
VisualStudioVersion = 15.0.27428.2015
MinimumVisualStudioVersion = 10.0.40219.1
Project("{9A19103F-16F7-4668-BE54-9A1E7A4F7556}") = "Orleans.Grains", "Grains\Orleans.Grains.csproj", "{4E197BF1-CF6F-41E3-9A27-35ECACC28625}"
EndProject
Project("{9A19103F-16F7-4668-BE54-9A1E7A4F7556}") = "Orleans.Interfaces", "Interfaces\Orleans.Interfaces.csproj", "{0F19DE1F-6D9F-4427-85C4-73C59929DECC}"
EndProject
Project("{9A19103F-16F7-4668-BE54-9A1E7A4F7556}") = "FunctionClient", "FunctionClient\FunctionClient.csproj", "{49B09E7F-840E-429D-98D8-68245E55C1DE}"
EndProject
Project("{2150E333-8FDC-42A3-9474-1A3956D46DE8}") = "Solution Items", "Solution Items", "{7DEAA161-B314-4D0D-BF02-5E38A0E9BF3C}"
	ProjectSection(SolutionItems) = preProject
		.gitignore = .gitignore
		readme.md = readme.md
	EndProjectSection
EndProject
Project("{FAE04EC0-301F-11D3-BF4B-00C04F79EFBC}") = "OrleansSiloHost", "OrleansSiloHost\OrleansSiloHost.csproj", "{3C8A164C-5908-4EA7-91B4-20826092D709}"
EndProject
Project("{FAE04EC0-301F-11D3-BF4B-00C04F79EFBC}") = "OrleansClientExtension", "OrleansClientExtension\OrleansClientExtension.csproj", "{A7913195-DBE6-433A-B4E6-6325AA0C8C48}"
EndProject
Global
	GlobalSection(SolutionConfigurationPlatforms) = preSolution
		Debug|Any CPU = Debug|Any CPU
		Release|Any CPU = Release|Any CPU
	EndGlobalSection
	GlobalSection(ProjectConfigurationPlatforms) = postSolution
		{4E197BF1-CF6F-41E3-9A27-35ECACC28625}.Debug|Any CPU.ActiveCfg = Debug|Any CPU
		{4E197BF1-CF6F-41E3-9A27-35ECACC28625}.Debug|Any CPU.Build.0 = Debug|Any CPU
		{4E197BF1-CF6F-41E3-9A27-35ECACC28625}.Release|Any CPU.ActiveCfg = Release|Any CPU
		{4E197BF1-CF6F-41E3-9A27-35ECACC28625}.Release|Any CPU.Build.0 = Release|Any CPU
		{0F19DE1F-6D9F-4427-85C4-73C59929DECC}.Debug|Any CPU.ActiveCfg = Debug|Any CPU
		{0F19DE1F-6D9F-4427-85C4-73C59929DECC}.Debug|Any CPU.Build.0 = Debug|Any CPU
		{0F19DE1F-6D9F-4427-85C4-73C59929DECC}.Release|Any CPU.ActiveCfg = Release|Any CPU
		{0F19DE1F-6D9F-4427-85C4-73C59929DECC}.Release|Any CPU.Build.0 = Release|Any CPU
		{49B09E7F-840E-429D-98D8-68245E55C1DE}.Debug|Any CPU.ActiveCfg = Debug|Any CPU
		{49B09E7F-840E-429D-98D8-68245E55C1DE}.Debug|Any CPU.Build.0 = Debug|Any CPU
		{49B09E7F-840E-429D-98D8-68245E55C1DE}.Release|Any CPU.ActiveCfg = Release|Any CPU
		{49B09E7F-840E-429D-98D8-68245E55C1DE}.Release|Any CPU.Build.0 = Release|Any CPU
		{3C8A164C-5908-4EA7-91B4-20826092D709}.Debug|Any CPU.ActiveCfg = Debug|Any CPU
		{3C8A164C-5908-4EA7-91B4-20826092D709}.Debug|Any CPU.Build.0 = Debug|Any CPU
		{3C8A164C-5908-4EA7-91B4-20826092D709}.Release|Any CPU.ActiveCfg = Release|Any CPU
		{3C8A164C-5908-4EA7-91B4-20826092D709}.Release|Any CPU.Build.0 = Release|Any CPU
		{A7913195-DBE6-433A-B4E6-6325AA0C8C48}.Debug|Any CPU.ActiveCfg = Debug|Any CPU
		{A7913195-DBE6-433A-B4E6-6325AA0C8C48}.Debug|Any CPU.Build.0 = Debug|Any CPU
		{A7913195-DBE6-433A-B4E6-6325AA0C8C48}.Release|Any CPU.ActiveCfg = Release|Any CPU
		{A7913195-DBE6-433A-B4E6-6325AA0C8C48}.Release|Any CPU.Build.0 = Release|Any CPU
	EndGlobalSection
	GlobalSection(SolutionProperties) = preSolution
		HideSolutionNode = FALSE
	EndGlobalSection
	GlobalSection(ExtensibilityGlobals) = postSolution
		SolutionGuid = {A91F813A-8FB6-4E8B-80E3-5C2B4CC7EA44}
	EndGlobalSection
EndGlobal
